
Microsoft Visual Studio Solution File, Format Version 12.00
# Visual Studio Version 16
VisualStudioVersion = 16.0.30204.135
MinimumVisualStudioVersion = 10.0.40219.1
Project("{9A19103F-16F7-4668-BE54-9A1E7A4F7556}") = "USERAPI.Backend", "USERAPI.Backend\USERAPI.Backend.csproj", "{EE6579D0-F719-4845-A17D-670221D1B23E}"
EndProject
Global
	GlobalSection(SolutionConfigurationPlatforms) = preSolution
		Debug|Any CPU = Debug|Any CPU
		Release|Any CPU = Release|Any CPU
	EndGlobalSection
	GlobalSection(ProjectConfigurationPlatforms) = postSolution
		{EE6579D0-F719-4845-A17D-670221D1B23E}.Debug|Any CPU.ActiveCfg = Debug|Any CPU
		{EE6579D0-F719-4845-A17D-670221D1B23E}.Debug|Any CPU.Build.0 = Debug|Any CPU
		{EE6579D0-F719-4845-A17D-670221D1B23E}.Release|Any CPU.ActiveCfg = Release|Any CPU
		{EE6579D0-F719-4845-A17D-670221D1B23E}.Release|Any CPU.Build.0 = Release|Any CPU
	EndGlobalSection
	GlobalSection(SolutionProperties) = preSolution
		HideSolutionNode = FALSE
	EndGlobalSection
	GlobalSection(ExtensibilityGlobals) = postSolution
		SolutionGuid = {D6FFDE4B-8D7B-4D0F-9E53-D5596AC2DA1C}
	EndGlobalSection
EndGlobal
